// !$*UTF8*$!
{
	archiveVersion = 1;
	classes = {
	};
	objectVersion = 46;
	objects = {

/* Begin PBXBuildFile section */
		FCBF53AC1AA56D6000990964 /* AppDelegate.swift in Sources */ = {isa = PBXBuildFile; fileRef = FCBF53AB1AA56D6000990964 /* AppDelegate.swift */; };
		FCBF53AE1AA56D6000990964 /* ViewController.swift in Sources */ = {isa = PBXBuildFile; fileRef = FCBF53AD1AA56D6000990964 /* ViewController.swift */; };
		FCBF53B11AA56D6000990964 /* Main.storyboard in Resources */ = {isa = PBXBuildFile; fileRef = FCBF53AF1AA56D6000990964 /* Main.storyboard */; };
		FCBF53B31AA56D6000990964 /* Images.xcassets in Resources */ = {isa = PBXBuildFile; fileRef = FCBF53B21AA56D6000990964 /* Images.xcassets */; };
		FCBF53B61AA56D6000990964 /* LaunchScreen.xib in Resources */ = {isa = PBXBuildFile; fileRef = FCBF53B41AA56D6000990964 /* LaunchScreen.xib */; };
		FCBF53C21AA56D6000990964 /* CodePathYouTubeTests.swift in Sources */ = {isa = PBXBuildFile; fileRef = FCBF53C11AA56D6000990964 /* CodePathYouTubeTests.swift */; };
		FCBF53CC1AA56E1100990964 /* MenuViewController.swift in Sources */ = {isa = PBXBuildFile; fileRef = FCBF53CB1AA56E1100990964 /* MenuViewController.swift */; };
		FCBF53CE1AA56E2000990964 /* FeedViewController.swift in Sources */ = {isa = PBXBuildFile; fileRef = FCBF53CD1AA56E2000990964 /* FeedViewController.swift */; };
		FCBF53D11AA56E9900990964 /* HamburgerViewController.swift in Sources */ = {isa = PBXBuildFile; fileRef = FCBF53D01AA56E9900990964 /* HamburgerViewController.swift */; };
/* End PBXBuildFile section */

/* Begin PBXContainerItemProxy section */
		FCBF53BC1AA56D6000990964 /* PBXContainerItemProxy */ = {
			isa = PBXContainerItemProxy;
			containerPortal = FCBF539E1AA56D6000990964 /* Project object */;
			proxyType = 1;
			remoteGlobalIDString = FCBF53A51AA56D6000990964;
			remoteInfo = CodePathYouTube;
		};
/* End PBXContainerItemProxy section */

/* Begin PBXFileReference section */
		FCBF53A61AA56D6000990964 /* CodePathYouTube.app */ = {isa = PBXFileReference; explicitFileType = wrapper.application; includeInIndex = 0; path = CodePathYouTube.app; sourceTree = BUILT_PRODUCTS_DIR; };
		FCBF53AA1AA56D6000990964 /* Info.plist */ = {isa = PBXFileReference; lastKnownFileType = text.plist.xml; path = Info.plist; sourceTree = "<group>"; };
		FCBF53AB1AA56D6000990964 /* AppDelegate.swift */ = {isa = PBXFileReference; lastKnownFileType = sourcecode.swift; path = AppDelegate.swift; sourceTree = "<group>"; };
		FCBF53AD1AA56D6000990964 /* ViewController.swift */ = {isa = PBXFileReference; lastKnownFileType = sourcecode.swift; path = ViewController.swift; sourceTree = "<group>"; };
		FCBF53B01AA56D6000990964 /* Base */ = {isa = PBXFileReference; lastKnownFileType = file.storyboard; name = Base; path = Base.lproj/Main.storyboard; sourceTree = "<group>"; };
		FCBF53B21AA56D6000990964 /* Images.xcassets */ = {isa = PBXFileReference; lastKnownFileType = folder.assetcatalog; path = Images.xcassets; sourceTree = "<group>"; };
		FCBF53B51AA56D6000990964 /* Base */ = {isa = PBXFileReference; lastKnownFileType = file.xib; name = Base; path = Base.lproj/LaunchScreen.xib; sourceTree = "<group>"; };
		FCBF53BB1AA56D6000990964 /* CodePathYouTubeTests.xctest */ = {isa = PBXFileReference; explicitFileType = wrapper.cfbundle; includeInIndex = 0; path = CodePathYouTubeTests.xctest; sourceTree = BUILT_PRODUCTS_DIR; };
		FCBF53C01AA56D6000990964 /* Info.plist */ = {isa = PBXFileReference; lastKnownFileType = text.plist.xml; path = Info.plist; sourceTree = "<group>"; };
		FCBF53C11AA56D6000990964 /* CodePathYouTubeTests.swift */ = {isa = PBXFileReference; lastKnownFileType = sourcecode.swift; path = CodePathYouTubeTests.swift; sourceTree = "<group>"; };
		FCBF53CB1AA56E1100990964 /* MenuViewController.swift */ = {isa = PBXFileReference; fileEncoding = 4; lastKnownFileType = sourcecode.swift; path = MenuViewController.swift; sourceTree = "<group>"; };
		FCBF53CD1AA56E2000990964 /* FeedViewController.swift */ = {isa = PBXFileReference; fileEncoding = 4; lastKnownFileType = sourcecode.swift; path = FeedViewController.swift; sourceTree = "<group>"; };
		FCBF53D01AA56E9900990964 /* HamburgerViewController.swift */ = {isa = PBXFileReference; fileEncoding = 4; lastKnownFileType = sourcecode.swift; path = HamburgerViewController.swift; sourceTree = "<group>"; };
/* End PBXFileReference section */

/* Begin PBXFrameworksBuildPhase section */
		FCBF53A31AA56D6000990964 /* Frameworks */ = {
			isa = PBXFrameworksBuildPhase;
			buildActionMask = 2147483647;
			files = (
			);
			runOnlyForDeploymentPostprocessing = 0;
		};
		FCBF53B81AA56D6000990964 /* Frameworks */ = {
			isa = PBXFrameworksBuildPhase;
			buildActionMask = 2147483647;
			files = (
			);
			runOnlyForDeploymentPostprocessing = 0;
		};
/* End PBXFrameworksBuildPhase section */

/* Begin PBXGroup section */
		FCBF539D1AA56D6000990964 = {
			isa = PBXGroup;
			children = (
				FCBF53A81AA56D6000990964 /* CodePathYouTube */,
				FCBF53BE1AA56D6000990964 /* CodePathYouTubeTests */,
				FCBF53A71AA56D6000990964 /* Products */,
			);
			sourceTree = "<group>";
		};
		FCBF53A71AA56D6000990964 /* Products */ = {
			isa = PBXGroup;
			children = (
				FCBF53A61AA56D6000990964 /* CodePathYouTube.app */,
				FCBF53BB1AA56D6000990964 /* CodePathYouTubeTests.xctest */,
			);
			name = Products;
			sourceTree = "<group>";
		};
		FCBF53A81AA56D6000990964 /* CodePathYouTube */ = {
			isa = PBXGroup;
			children = (
				FCBF53AB1AA56D6000990964 /* AppDelegate.swift */,
				FCBF53AD1AA56D6000990964 /* ViewController.swift */,
				FCBF53AF1AA56D6000990964 /* Main.storyboard */,
				FCBF53B21AA56D6000990964 /* Images.xcassets */,
				FCBF53B41AA56D6000990964 /* LaunchScreen.xib */,
				FCBF53A91AA56D6000990964 /* Supporting Files */,
				FCBF53CB1AA56E1100990964 /* MenuViewController.swift */,
				FCBF53CD1AA56E2000990964 /* FeedViewController.swift */,
				FCBF53D01AA56E9900990964 /* HamburgerViewController.swift */,
			);
			path = CodePathYouTube;
			sourceTree = "<group>";
		};
		FCBF53A91AA56D6000990964 /* Supporting Files */ = {
			isa = PBXGroup;
			children = (
				FCBF53AA1AA56D6000990964 /* Info.plist */,
			);
			name = "Supporting Files";
			sourceTree = "<group>";
		};
		FCBF53BE1AA56D6000990964 /* CodePathYouTubeTests */ = {
			isa = PBXGroup;
			children = (
				FCBF53C11AA56D6000990964 /* CodePathYouTubeTests.swift */,
				FCBF53BF1AA56D6000990964 /* Supporting Files */,
			);
			path = CodePathYouTubeTests;
			sourceTree = "<group>";
		};
		FCBF53BF1AA56D6000990964 /* Supporting Files */ = {
			isa = PBXGroup;
			children = (
				FCBF53C01AA56D6000990964 /* Info.plist */,
			);
			name = "Supporting Files";
			sourceTree = "<group>";
		};
/* End PBXGroup section */

/* Begin PBXNativeTarget section */
		FCBF53A51AA56D6000990964 /* CodePathYouTube */ = {
			isa = PBXNativeTarget;
			buildConfigurationList = FCBF53C51AA56D6000990964 /* Build configuration list for PBXNativeTarget "CodePathYouTube" */;
			buildPhases = (
				FCBF53A21AA56D6000990964 /* Sources */,
				FCBF53A31AA56D6000990964 /* Frameworks */,
				FCBF53A41AA56D6000990964 /* Resources */,
			);
			buildRules = (
			);
			dependencies = (
			);
			name = CodePathYouTube;
			productName = CodePathYouTube;
			productReference = FCBF53A61AA56D6000990964 /* CodePathYouTube.app */;
			productType = "com.apple.product-type.application";
		};
		FCBF53BA1AA56D6000990964 /* CodePathYouTubeTests */ = {
			isa = PBXNativeTarget;
			buildConfigurationList = FCBF53C81AA56D6000990964 /* Build configuration list for PBXNativeTarget "CodePathYouTubeTests" */;
			buildPhases = (
				FCBF53B71AA56D6000990964 /* Sources */,
				FCBF53B81AA56D6000990964 /* Frameworks */,
				FCBF53B91AA56D6000990964 /* Resources */,
			);
			buildRules = (
			);
			dependencies = (
				FCBF53BD1AA56D6000990964 /* PBXTargetDependency */,
			);
			name = CodePathYouTubeTests;
			productName = CodePathYouTubeTests;
			productReference = FCBF53BB1AA56D6000990964 /* CodePathYouTubeTests.xctest */;
			productType = "com.apple.product-type.bundle.unit-test";
		};
/* End PBXNativeTarget section */

/* Begin PBXProject section */
		FCBF539E1AA56D6000990964 /* Project object */ = {
			isa = PBXProject;
			attributes = {
				LastUpgradeCheck = 0610;
				ORGANIZATIONNAME = "Jonlin Pei";
				TargetAttributes = {
					FCBF53A51AA56D6000990964 = {
						CreatedOnToolsVersion = 6.1.1;
					};
					FCBF53BA1AA56D6000990964 = {
						CreatedOnToolsVersion = 6.1.1;
						TestTargetID = FCBF53A51AA56D6000990964;
					};
				};
			};
			buildConfigurationList = FCBF53A11AA56D6000990964 /* Build configuration list for PBXProject "CodePathYouTube" */;
			compatibilityVersion = "Xcode 3.2";
			developmentRegion = English;
			hasScannedForEncodings = 0;
			knownRegions = (
				en,
				Base,
			);
			mainGroup = FCBF539D1AA56D6000990964;
			productRefGroup = FCBF53A71AA56D6000990964 /* Products */;
			projectDirPath = "";
			projectRoot = "";
			targets = (
				FCBF53A51AA56D6000990964 /* CodePathYouTube */,
				FCBF53BA1AA56D6000990964 /* CodePathYouTubeTests */,
			);
		};
/* End PBXProject section */

/* Begin PBXResourcesBuildPhase section */
		FCBF53A41AA56D6000990964 /* Resources */ = {
			isa = PBXResourcesBuildPhase;
			buildActionMask = 2147483647;
			files = (
				FCBF53B11AA56D6000990964 /* Main.storyboard in Resources */,
				FCBF53B61AA56D6000990964 /* LaunchScreen.xib in Resources */,
				FCBF53B31AA56D6000990964 /* Images.xcassets in Resources */,
			);
			runOnlyForDeploymentPostprocessing = 0;
		};
		FCBF53B91AA56D6000990964 /* Resources */ = {
			isa = PBXResourcesBuildPhase;
			buildActionMask = 2147483647;
			files = (
			);
			runOnlyForDeploymentPostprocessing = 0;
		};
/* End PBXResourcesBuildPhase section */

/* Begin PBXSourcesBuildPhase section */
		FCBF53A21AA56D6000990964 /* Sources */ = {
			isa = PBXSourcesBuildPhase;
			buildActionMask = 2147483647;
			files = (
				FCBF53AE1AA56D6000990964 /* ViewController.swift in Sources */,
				FCBF53CC1AA56E1100990964 /* MenuViewController.swift in Sources */,
				FCBF53CE1AA56E2000990964 /* FeedViewController.swift in Sources */,
				FCBF53D11AA56E9900990964 /* HamburgerViewController.swift in Sources */,
				FCBF53AC1AA56D6000990964 /* AppDelegate.swift in Sources */,
			);
			runOnlyForDeploymentPostprocessing = 0;
		};
		FCBF53B71AA56D6000990964 /* Sources */ = {
			isa = PBXSourcesBuildPhase;
			buildActionMask = 2147483647;
			files = (
				FCBF53C21AA56D6000990964 /* CodePathYouTubeTests.swift in Sources */,
			);
			runOnlyForDeploymentPostprocessing = 0;
		};
/* End PBXSourcesBuildPhase section */

/* Begin PBXTargetDependency section */
		FCBF53BD1AA56D6000990964 /* PBXTargetDependency */ = {
			isa = PBXTargetDependency;
			target = FCBF53A51AA56D6000990964 /* CodePathYouTube */;
			targetProxy = FCBF53BC1AA56D6000990964 /* PBXContainerItemProxy */;
		};
/* End PBXTargetDependency section */

/* Begin PBXVariantGroup section */
		FCBF53AF1AA56D6000990964 /* Main.storyboard */ = {
			isa = PBXVariantGroup;
			children = (
				FCBF53B01AA56D6000990964 /* Base */,
			);
			name = Main.storyboard;
			sourceTree = "<group>";
		};
		FCBF53B41AA56D6000990964 /* LaunchScreen.xib */ = {
			isa = PBXVariantGroup;
			children = (
				FCBF53B51AA56D6000990964 /* Base */,
			);
			name = LaunchScreen.xib;
			sourceTree = "<group>";
		};
/* End PBXVariantGroup section */

/* Begin XCBuildConfiguration section */
		FCBF53C31AA56D6000990964 /* Debug */ = {
			isa = XCBuildConfiguration;
			buildSettings = {
				ALWAYS_SEARCH_USER_PATHS = NO;
				CLANG_CXX_LANGUAGE_STANDARD = "gnu++0x";
				CLANG_CXX_LIBRARY = "libc++";
				CLANG_ENABLE_MODULES = YES;
				CLANG_ENABLE_OBJC_ARC = YES;
				CLANG_WARN_BOOL_CONVERSION = YES;
				CLANG_WARN_CONSTANT_CONVERSION = YES;
				CLANG_WARN_DIRECT_OBJC_ISA_USAGE = YES_ERROR;
				CLANG_WARN_EMPTY_BODY = YES;
				CLANG_WARN_ENUM_CONVERSION = YES;
				CLANG_WARN_INT_CONVERSION = YES;
				CLANG_WARN_OBJC_ROOT_CLASS = YES_ERROR;
				CLANG_WARN_UNREACHABLE_CODE = YES;
				CLANG_WARN__DUPLICATE_METHOD_MATCH = YES;
				"CODE_SIGN_IDENTITY[sdk=iphoneos*]" = "iPhone Developer";
				COPY_PHASE_STRIP = NO;
				ENABLE_STRICT_OBJC_MSGSEND = YES;
				GCC_C_LANGUAGE_STANDARD = gnu99;
				GCC_DYNAMIC_NO_PIC = NO;
				GCC_OPTIMIZATION_LEVEL = 0;
				GCC_PREPROCESSOR_DEFINITIONS = (
					"DEBUG=1",
					"$(inherited)",
				);
				GCC_SYMBOLS_PRIVATE_EXTERN = NO;
				GCC_WARN_64_TO_32_BIT_CONVERSION = YES;
				GCC_WARN_ABOUT_RETURN_TYPE = YES_ERROR;
				GCC_WARN_UNDECLARED_SELECTOR = YES;
				GCC_WARN_UNINITIALIZED_AUTOS = YES_AGGRESSIVE;
				GCC_WARN_UNUSED_FUNCTION = YES;
				GCC_WARN_UNUSED_VARIABLE = YES;
				IPHONEOS_DEPLOYMENT_TARGET = 8.1;
				MTL_ENABLE_DEBUG_INFO = YES;
				ONLY_ACTIVE_ARCH = YES;
				SDKROOT = iphoneos;
				SWIFT_OPTIMIZATION_LEVEL = "-Onone";
			};
			name = Debug;
		};
		FCBF53C41AA56D6000990964 /* Release */ = {
			isa = XCBuildConfiguration;
			buildSettings = {
				ALWAYS_SEARCH_USER_PATHS = NO;
				CLANG_CXX_LANGUAGE_STANDARD = "gnu++0x";
				CLANG_CXX_LIBRARY = "libc++";
				CLANG_ENABLE_MODULES = YES;
				CLANG_ENABLE_OBJC_ARC = YES;
				CLANG_WARN_BOOL_CONVERSION = YES;
				CLANG_WARN_CONSTANT_CONVERSION = YES;
				CLANG_WARN_DIRECT_OBJC_ISA_USAGE = YES_ERROR;
				CLANG_WARN_EMPTY_BODY = YES;
				CLANG_WARN_ENUM_CONVERSION = YES;
				CLANG_WARN_INT_CONVERSION = YES;
				CLANG_WARN_OBJC_ROOT_CLASS = YES_ERROR;
				CLANG_WARN_UNREACHABLE_CODE = YES;
				CLANG_WARN__DUPLICATE_METHOD_MATCH = YES;
				"CODE_SIGN_IDENTITY[sdk=iphoneos*]" = "iPhone Developer";
				COPY_PHASE_STRIP = YES;
				ENABLE_NS_ASSERTIONS = NO;
				ENABLE_STRICT_OBJC_MSGSEND = YES;
				GCC_C_LANGUAGE_STANDARD = gnu99;
				GCC_WARN_64_TO_32_BIT_CONVERSION = YES;
				GCC_WARN_ABOUT_RETURN_TYPE = YES_ERROR;
				GCC_WARN_UNDECLARED_SELECTOR = YES;
				GCC_WARN_UNINITIALIZED_AUTOS = YES_AGGRESSIVE;
				GCC_WARN_UNUSED_FUNCTION = YES;
				GCC_WARN_UNUSED_VARIABLE = YES;
				IPHONEOS_DEPLOYMENT_TARGET = 8.1;
				MTL_ENABLE_DEBUG_INFO = NO;
				SDKROOT = iphoneos;
				VALIDATE_PRODUCT = YES;
			};
			name = Release;
		};
		FCBF53C61AA56D6000990964 /* Debug */ = {
			isa = XCBuildConfiguration;
			buildSettings = {
				ASSETCATALOG_COMPILER_APPICON_NAME = AppIcon;
				INFOPLIST_FILE = CodePathYouTube/Info.plist;
				LD_RUNPATH_SEARCH_PATHS = "$(inherited) @executable_path/Frameworks";
				PRODUCT_NAME = "$(TARGET_NAME)";
			};
			name = Debug;
		};
		FCBF53C71AA56D6000990964 /* Release */ = {
			isa = XCBuildConfiguration;
			buildSettings = {
				ASSETCATALOG_COMPILER_APPICON_NAME = AppIcon;
				INFOPLIST_FILE = CodePathYouTube/Info.plist;
				LD_RUNPATH_SEARCH_PATHS = "$(inherited) @executable_path/Frameworks";
				PRODUCT_NAME = "$(TARGET_NAME)";
			};
			name = Release;
		};
		FCBF53C91AA56D6000990964 /* Debug */ = {
			isa = XCBuildConfiguration;
			buildSettings = {
				BUNDLE_LOADER = "$(TEST_HOST)";
				FRAMEWORK_SEARCH_PATHS = (
					"$(SDKROOT)/Developer/Library/Frameworks",
					"$(inherited)",
				);
				GCC_PREPROCESSOR_DEFINITIONS = (
					"DEBUG=1",
					"$(inherited)",
				);
				INFOPLIST_FILE = CodePathYouTubeTests/Info.plist;
				LD_RUNPATH_SEARCH_PATHS = "$(inherited) @executable_path/Frameworks @loader_path/Frameworks";
				PRODUCT_NAME = "$(TARGET_NAME)";
				TEST_HOST = "$(BUILT_PRODUCTS_DIR)/CodePathYouTube.app/CodePathYouTube";
			};
			name = Debug;
		};
		FCBF53CA1AA56D6000990964 /* Release */ = {
			isa = XCBuildConfiguration;
			buildSettings = {
				BUNDLE_LOADER = "$(TEST_HOST)";
				FRAMEWORK_SEARCH_PATHS = (
					"$(SDKROOT)/Developer/Library/Frameworks",
					"$(inherited)",
				);
				INFOPLIST_FILE = CodePathYouTubeTests/Info.plist;
				LD_RUNPATH_SEARCH_PATHS = "$(inherited) @executable_path/Frameworks @loader_path/Frameworks";
				PRODUCT_NAME = "$(TARGET_NAME)";
				TEST_HOST = "$(BUILT_PRODUCTS_DIR)/CodePathYouTube.app/CodePathYouTube";
			};
			name = Release;
		};
/* End XCBuildConfiguration section */

/* Begin XCConfigurationList section */
		FCBF53A11AA56D6000990964 /* Build configuration list for PBXProject "CodePathYouTube" */ = {
			isa = XCConfigurationList;
			buildConfigurations = (
				FCBF53C31AA56D6000990964 /* Debug */,
				FCBF53C41AA56D6000990964 /* Release */,
			);
			defaultConfigurationIsVisible = 0;
			defaultConfigurationName = Release;
		};
		FCBF53C51AA56D6000990964 /* Build configuration list for PBXNativeTarget "CodePathYouTube" */ = {
			isa = XCConfigurationList;
			buildConfigurations = (
				FCBF53C61AA56D6000990964 /* Debug */,
				FCBF53C71AA56D6000990964 /* Release */,
			);
			defaultConfigurationIsVisible = 0;
		};
		FCBF53C81AA56D6000990964 /* Build configuration list for PBXNativeTarget "CodePathYouTubeTests" */ = {
			isa = XCConfigurationList;
			buildConfigurations = (
				FCBF53C91AA56D6000990964 /* Debug */,
				FCBF53CA1AA56D6000990964 /* Release */,
			);
			defaultConfigurationIsVisible = 0;
		};
/* End XCConfigurationList section */
	};
	rootObject = FCBF539E1AA56D6000990964 /* Project object */;
}
